
Microsoft Visual Studio Solution File, Format Version 12.00
# Visual Studio Version 17
VisualStudioVersion = 17.8.34330.188
MinimumVisualStudioVersion = 10.0.40219.1
Project("{FAE04EC0-301F-11D3-BF4B-00C04F79EFBC}") = "Aula_08_03_2024_Ex01", "Aula_08_03_2024_Ex01\Aula_08_03_2024_Ex01.csproj", "{769E9BB3-672D-4E3F-8552-8C8665B68D6A}"
EndProject
Global
	GlobalSection(SolutionConfigurationPlatforms) = preSolution
		Debug|Any CPU = Debug|Any CPU
		Release|Any CPU = Release|Any CPU
	EndGlobalSection
	GlobalSection(ProjectConfigurationPlatforms) = postSolution
		{769E9BB3-672D-4E3F-8552-8C8665B68D6A}.Debug|Any CPU.ActiveCfg = Debug|Any CPU
		{769E9BB3-672D-4E3F-8552-8C8665B68D6A}.Debug|Any CPU.Build.0 = Debug|Any CPU
		{769E9BB3-672D-4E3F-8552-8C8665B68D6A}.Release|Any CPU.ActiveCfg = Release|Any CPU
		{769E9BB3-672D-4E3F-8552-8C8665B68D6A}.Release|Any CPU.Build.0 = Release|Any CPU
	EndGlobalSection
	GlobalSection(SolutionProperties) = preSolution
		HideSolutionNode = FALSE
	EndGlobalSection
	GlobalSection(ExtensibilityGlobals) = postSolution
		SolutionGuid = {1D82B32B-460C-46EB-B7D4-8FBE4B0E9827}
	EndGlobalSection
EndGlobal
